{
  "requires": true,
  "lockfileVersion": 1,
  "dependencies": {
    "date-fns": {
      "version": "2.8.1",
      "resolved": "https://registry.npmjs.org/date-fns/-/date-fns-2.8.1.tgz",
      "integrity": "sha512-EL/C8IHvYRwAHYgFRse4MGAPSqlJVlOrhVYZ75iQBKrnv+ZedmYsgwH3t+BCDuZDXpoo07+q9j4qgSSOa7irJg=="
    },
    "himmas-vue-calendar": {
      "version": "1.3.3",
      "resolved": "https://registry.npmjs.org/himmas-vue-calendar/-/himmas-vue-calendar-1.3.3.tgz",
      "integrity": "sha512-hCMfP5DsicVndUlpYPgbDW0s1OUo6iLPXJw4vQSSbUoRr1wYtVv7klPShSJ7uD3Z/D+zR1d3+tjOvlC3qYpksA=="
    },
    "lodash": {
      "version": "4.17.15",
      "resolved": "https://registry.npmjs.org/lodash/-/lodash-4.17.15.tgz",
      "integrity": "sha512-8xOcRHvCjnocdS5cpwXQXVzmmh5e5+saE2QGoeQmbKmRS6J3VQppPOIt0MnmE+4xlZoumy0GPG0D0MVIQbNA1A=="
    },
    "popper.js": {
      "version": "1.16.0",
      "resolved": "https://registry.npmjs.org/popper.js/-/popper.js-1.16.0.tgz",
      "integrity": "sha512-+G+EkOPoE5S/zChTpmBSSDYmhXJ5PsW8eMhH8cP/CQHMFPBG/kC9Y5IIw6qNYgdJ+/COf0ddY2li28iHaZRSjw=="
    },
    "v-calendar": {
      "version": "0.9.7",
      "resolved": "https://registry.npmjs.org/v-calendar/-/v-calendar-0.9.7.tgz",
      "integrity": "sha512-xwSS7i81WGKkQfbNQ0SFdjPBKuXVK4F4y2rT1SGI8oiQbYyoI0PgT1NT0RZ+8FaFeEog6pms6ZMUAswrUe8QHg==",
      "requires": {
        "vue": "^2.5.0"
      }
    },
    "vue": {
      "version": "2.6.11",
      "resolved": "https://registry.npmjs.org/vue/-/vue-2.6.11.tgz",
      "integrity": "sha512-VfPwgcGABbGAue9+sfrD4PuwFar7gPb1yl1UK1MwXoQPAw0BKSqWfoYCT/ThFrdEVWoI51dBuyCoiNU9bZDZxQ=="
    }
  }
}
